
Microsoft Visual Studio Solution File, Format Version 12.00
# Visual Studio Version 17
VisualStudioVersion = 17.5.33502.453
MinimumVisualStudioVersion = 10.0.40219.1
Project("{FAE04EC0-301F-11D3-BF4B-00C04F79EFBC}") = "Swap", "Swap\Swap.csproj", "{0CE52F38-2ACF-4EF6-8823-F6E524D54DA8}"
EndProject
Global
	GlobalSection(SolutionConfigurationPlatforms) = preSolution
		Debug|Any CPU = Debug|Any CPU
		Release|Any CPU = Release|Any CPU
	EndGlobalSection
	GlobalSection(ProjectConfigurationPlatforms) = postSolution
		{0CE52F38-2ACF-4EF6-8823-F6E524D54DA8}.Debug|Any CPU.ActiveCfg = Debug|Any CPU
		{0CE52F38-2ACF-4EF6-8823-F6E524D54DA8}.Debug|Any CPU.Build.0 = Debug|Any CPU
		{0CE52F38-2ACF-4EF6-8823-F6E524D54DA8}.Release|Any CPU.ActiveCfg = Release|Any CPU
		{0CE52F38-2ACF-4EF6-8823-F6E524D54DA8}.Release|Any CPU.Build.0 = Release|Any CPU
	EndGlobalSection
	GlobalSection(SolutionProperties) = preSolution
		HideSolutionNode = FALSE
	EndGlobalSection
	GlobalSection(ExtensibilityGlobals) = postSolution
		SolutionGuid = {AA4894C6-7C17-405D-9C9C-14BE27C6CE7A}
	EndGlobalSection
EndGlobal
