
Microsoft Visual Studio Solution File, Format Version 12.00
# Visual Studio Version 17
VisualStudioVersion = 17.5.33502.453
MinimumVisualStudioVersion = 10.0.40219.1
Project("{FAE04EC0-301F-11D3-BF4B-00C04F79EFBC}") = "SumaDeDigitos", "SumaDeDigitos\SumaDeDigitos.csproj", "{89F974C8-A96F-4D32-A92B-C7FBC8A0632B}"
EndProject
Global
	GlobalSection(SolutionConfigurationPlatforms) = preSolution
		Debug|Any CPU = Debug|Any CPU
		Release|Any CPU = Release|Any CPU
	EndGlobalSection
	GlobalSection(ProjectConfigurationPlatforms) = postSolution
		{89F974C8-A96F-4D32-A92B-C7FBC8A0632B}.Debug|Any CPU.ActiveCfg = Debug|Any CPU
		{89F974C8-A96F-4D32-A92B-C7FBC8A0632B}.Debug|Any CPU.Build.0 = Debug|Any CPU
		{89F974C8-A96F-4D32-A92B-C7FBC8A0632B}.Release|Any CPU.ActiveCfg = Release|Any CPU
		{89F974C8-A96F-4D32-A92B-C7FBC8A0632B}.Release|Any CPU.Build.0 = Release|Any CPU
	EndGlobalSection
	GlobalSection(SolutionProperties) = preSolution
		HideSolutionNode = FALSE
	EndGlobalSection
	GlobalSection(ExtensibilityGlobals) = postSolution
		SolutionGuid = {58730FB3-A6FC-4B75-9BDE-6ABC5C5C2D51}
	EndGlobalSection
EndGlobal
