
Microsoft Visual Studio Solution File, Format Version 12.00
# Visual Studio Version 17
VisualStudioVersion = 17.5.33502.453
MinimumVisualStudioVersion = 10.0.40219.1
Project("{FAE04EC0-301F-11D3-BF4B-00C04F79EFBC}") = "Vuelto", "Vuelto\Vuelto.csproj", "{C96BD87D-F664-4693-8FBC-D60A1BCA819D}"
EndProject
Global
	GlobalSection(SolutionConfigurationPlatforms) = preSolution
		Debug|Any CPU = Debug|Any CPU
		Release|Any CPU = Release|Any CPU
	EndGlobalSection
	GlobalSection(ProjectConfigurationPlatforms) = postSolution
		{C96BD87D-F664-4693-8FBC-D60A1BCA819D}.Debug|Any CPU.ActiveCfg = Debug|Any CPU
		{C96BD87D-F664-4693-8FBC-D60A1BCA819D}.Debug|Any CPU.Build.0 = Debug|Any CPU
		{C96BD87D-F664-4693-8FBC-D60A1BCA819D}.Release|Any CPU.ActiveCfg = Release|Any CPU
		{C96BD87D-F664-4693-8FBC-D60A1BCA819D}.Release|Any CPU.Build.0 = Release|Any CPU
	EndGlobalSection
	GlobalSection(SolutionProperties) = preSolution
		HideSolutionNode = FALSE
	EndGlobalSection
	GlobalSection(ExtensibilityGlobals) = postSolution
		SolutionGuid = {1D007B0F-FA7C-49E9-9EE9-F3B333935728}
	EndGlobalSection
EndGlobal
